
Microsoft Visual Studio Solution File, Format Version 12.00
# Visual Studio Version 16
VisualStudioVersion = 16.0.31613.86
MinimumVisualStudioVersion = 10.0.40219.1
Project("{FAE04EC0-301F-11D3-BF4B-00C04F79EFBC}") = "Salarios", "Salarios\Salarios.csproj", "{BD3B2DA4-02E9-465F-A068-8F7E7C93E616}"
EndProject
Global
	GlobalSection(SolutionConfigurationPlatforms) = preSolution
		Debug|Any CPU = Debug|Any CPU
		Release|Any CPU = Release|Any CPU
	EndGlobalSection
	GlobalSection(ProjectConfigurationPlatforms) = postSolution
		{BD3B2DA4-02E9-465F-A068-8F7E7C93E616}.Debug|Any CPU.ActiveCfg = Debug|Any CPU
		{BD3B2DA4-02E9-465F-A068-8F7E7C93E616}.Debug|Any CPU.Build.0 = Debug|Any CPU
		{BD3B2DA4-02E9-465F-A068-8F7E7C93E616}.Release|Any CPU.ActiveCfg = Release|Any CPU
		{BD3B2DA4-02E9-465F-A068-8F7E7C93E616}.Release|Any CPU.Build.0 = Release|Any CPU
	EndGlobalSection
	GlobalSection(SolutionProperties) = preSolution
		HideSolutionNode = FALSE
	EndGlobalSection
	GlobalSection(ExtensibilityGlobals) = postSolution
		SolutionGuid = {A48C8EC7-9C9F-43DE-B2FE-047E10413921}
	EndGlobalSection
EndGlobal
